{
  "requires": true,
  "lockfileVersion": 1,
  "dependencies": {
    "isarray": {
      "version": "0.0.1",
      "resolved": "https://registry.npmjs.org/isarray/-/isarray-0.0.1.tgz",
      "integrity": "sha512-D2S+3GLxWH+uhrNEcoh/fnmYeP8E8/zHl644d/jdA0g2uyXvy3sb0qxotE+ne0LtccHknQzWwZEzhak7oJ0COQ=="
    },
    "path-to-regexp": {
      "version": "1.8.0",
      "resolved": "https://registry.npmjs.org/path-to-regexp/-/path-to-regexp-1.8.0.tgz",
      "integrity": "sha512-n43JRhlUKUAlibEJhPeir1ncUID16QnEjNpwzNdO3Lm4ywrBpBZ5oLD0I6br9evr1Y9JTqwRtAh7JLoOzAQdVA==",
      "requires": {
        "isarray": "0.0.1"
      }
    },
    "use-compose": {
      "version": "0.4.0",
      "resolved": "https://registry.npmjs.org/use-compose/-/use-compose-0.4.0.tgz",
      "integrity": "sha512-4iY+jcDqjemiNS1pxFaVWWwAuDRKVFV4avrSlDuAmtwhuz+24jITsZMou8gGZl5rud5QRSUIENvezgQ8K4YeLA=="
    },
    "use-express-middlewares": {
      "version": "0.1.0",
      "resolved": "https://registry.npmjs.org/use-express-middlewares/-/use-express-middlewares-0.1.0.tgz",
      "integrity": "sha512-5UyU8Amfa9BZ3vbfOHnHfcB4Creq1liE02f3USvRFtlA53ekgt/61wko+atggAx/hu7ITbGL5cwrMBoZKIWgBg=="
    },
    "use-router": {
      "version": "0.4.2",
      "resolved": "https://registry.npmjs.org/use-router/-/use-router-0.4.2.tgz",
      "integrity": "sha512-QH+PhLcaykVr5K4nWTm7eW9yX6fQCKV+iA47atXhG1qD+iQm8RE7sToJs+gpRvaHIlHviF8B0gPKE1XBpWoFtw==",
      "requires": {
        "path-to-regexp": "^1.2.1",
        "use-compose": "^0.4.0",
        "use-express-middlewares": "^0.1.0"
      }
    }
  }
}
